
Microsoft Visual Studio Solution File, Format Version 12.00
# Visual Studio Version 17
Project("{8BC9CEB8-8B4A-11D0-8D11-00A0C91BC942}") = "ALL_BUILD", "ALL_BUILD.vcxproj", "{2B32958F-C7FF-3757-BB99-FC72906EFBF6}"
	ProjectSection(ProjectDependencies) = postProject
		{FC87C31E-B6F6-3F72-ACF5-4BFC662BE521} = {FC87C31E-B6F6-3F72-ACF5-4BFC662BE521}
		{8F2A0B61-7DA1-3661-AF3F-05581508ABA8} = {8F2A0B61-7DA1-3661-AF3F-05581508ABA8}
	EndProjectSection
EndProject
Project("{8BC9CEB8-8B4A-11D0-8D11-00A0C91BC942}") = "ZERO_CHECK", "ZERO_CHECK.vcxproj", "{FC87C31E-B6F6-3F72-ACF5-4BFC662BE521}"
	ProjectSection(ProjectDependencies) = postProject
	EndProjectSection
EndProject
Project("{8BC9CEB8-8B4A-11D0-8D11-00A0C91BC942}") = "matrix_breakthrough", "matrix_breakthrough.vcxproj", "{8F2A0B61-7DA1-3661-AF3F-05581508ABA8}"
	ProjectSection(ProjectDependencies) = postProject
		{FC87C31E-B6F6-3F72-ACF5-4BFC662BE521} = {FC87C31E-B6F6-3F72-ACF5-4BFC662BE521}
	EndProjectSection
EndProject
Global
	GlobalSection(SolutionConfigurationPlatforms) = preSolution
		Debug|x64 = Debug|x64
		Release|x64 = Release|x64
		MinSizeRel|x64 = MinSizeRel|x64
		RelWithDebInfo|x64 = RelWithDebInfo|x64
	EndGlobalSection
	GlobalSection(ProjectConfigurationPlatforms) = postSolution
		{2B32958F-C7FF-3757-BB99-FC72906EFBF6}.Debug|x64.ActiveCfg = Debug|x64
		{2B32958F-C7FF-3757-BB99-FC72906EFBF6}.Release|x64.ActiveCfg = Release|x64
		{2B32958F-C7FF-3757-BB99-FC72906EFBF6}.MinSizeRel|x64.ActiveCfg = MinSizeRel|x64
		{2B32958F-C7FF-3757-BB99-FC72906EFBF6}.RelWithDebInfo|x64.ActiveCfg = RelWithDebInfo|x64
		{FC87C31E-B6F6-3F72-ACF5-4BFC662BE521}.Debug|x64.ActiveCfg = Debug|x64
		{FC87C31E-B6F6-3F72-ACF5-4BFC662BE521}.Debug|x64.Build.0 = Debug|x64
		{FC87C31E-B6F6-3F72-ACF5-4BFC662BE521}.Release|x64.ActiveCfg = Release|x64
		{FC87C31E-B6F6-3F72-ACF5-4BFC662BE521}.Release|x64.Build.0 = Release|x64
		{FC87C31E-B6F6-3F72-ACF5-4BFC662BE521}.MinSizeRel|x64.ActiveCfg = MinSizeRel|x64
		{FC87C31E-B6F6-3F72-ACF5-4BFC662BE521}.MinSizeRel|x64.Build.0 = MinSizeRel|x64
		{FC87C31E-B6F6-3F72-ACF5-4BFC662BE521}.RelWithDebInfo|x64.ActiveCfg = RelWithDebInfo|x64
		{FC87C31E-B6F6-3F72-ACF5-4BFC662BE521}.RelWithDebInfo|x64.Build.0 = RelWithDebInfo|x64
		{8F2A0B61-7DA1-3661-AF3F-05581508ABA8}.Debug|x64.ActiveCfg = Debug|x64
		{8F2A0B61-7DA1-3661-AF3F-05581508ABA8}.Debug|x64.Build.0 = Debug|x64
		{8F2A0B61-7DA1-3661-AF3F-05581508ABA8}.Release|x64.ActiveCfg = Release|x64
		{8F2A0B61-7DA1-3661-AF3F-05581508ABA8}.Release|x64.Build.0 = Release|x64
		{8F2A0B61-7DA1-3661-AF3F-05581508ABA8}.MinSizeRel|x64.ActiveCfg = MinSizeRel|x64
		{8F2A0B61-7DA1-3661-AF3F-05581508ABA8}.MinSizeRel|x64.Build.0 = MinSizeRel|x64
		{8F2A0B61-7DA1-3661-AF3F-05581508ABA8}.RelWithDebInfo|x64.ActiveCfg = RelWithDebInfo|x64
		{8F2A0B61-7DA1-3661-AF3F-05581508ABA8}.RelWithDebInfo|x64.Build.0 = RelWithDebInfo|x64
	EndGlobalSection
	GlobalSection(ExtensibilityGlobals) = postSolution
		SolutionGuid = {26873B7D-DE6D-349D-B369-201F5C9987B9}
	EndGlobalSection
	GlobalSection(ExtensibilityAddIns) = postSolution
	EndGlobalSection
EndGlobal
